GIT
  remote: https://github.com/fnichol/chef-zip_app
  ref: master
  sha: b855e5754c575d761858e6a39ce2c36b886b5b9a
  specs:
    zip_app (0.2.3)

GIT
  remote: https://github.com/opscode-cookbooks/dmg
  ref: master
  sha: 11caf56f57a1168a891f01f0614a01b879aff624
  specs:
    dmg (1.1.0)

GIT
  remote: https://github.com/opscode-cookbooks/homebrew
  ref: master
  sha: f42d8d09d8ae3d45f5bdb680dd52da351cb80e2e
  specs:
    homebrew (1.3.2)

PATH
  remote: vendor/cookbooks/mac-setup
  specs:
    mac-setup (0.0.1)

DEPENDENCIES
  dmg (>= 0)
  homebrew (>= 0)
  mac-setup (>= 0)
  zip_app (>= 0)

